// !$*UTF8*$!
{
	archiveVersion = 1;
	classes = {
	};
	objectVersion = 50;
	objects = {

/* Begin PBXBuildFile section */
		359CB58821121958004E0EBB /* AppDelegate.swift in Sources */ = {isa = PBXBuildFile; fileRef = 359CB58721121958004E0EBB /* AppDelegate.swift */; };
		359CB58A21121958004E0EBB /* ViewController.swift in Sources */ = {isa = PBXBuildFile; fileRef = 359CB58921121958004E0EBB /* ViewController.swift */; };
		359CB58F21121959004E0EBB /* Assets.xcassets in Resources */ = {isa = PBXBuildFile; fileRef = 359CB58E21121959004E0EBB /* Assets.xcassets */; };
		359CB59221121959004E0EBB /* LaunchScreen.storyboard in Resources */ = {isa = PBXBuildFile; fileRef = 359CB59021121959004E0EBB /* LaunchScreen.storyboard */; };
		359CB59B21121BAC004E0EBB /* ViewController+Protocol.swift in Sources */ = {isa = PBXBuildFile; fileRef = 359CB59A21121BAC004E0EBB /* ViewController+Protocol.swift */; };
		359CB59D21121D79004E0EBB /* ViewController+Layout.swift in Sources */ = {isa = PBXBuildFile; fileRef = 359CB59C21121D79004E0EBB /* ViewController+Layout.swift */; };
		DC274320EE2A031B874126FD /* Pods_ChatUI.framework in Frameworks */ = {isa = PBXBuildFile; fileRef = 0BB521B5739BC15186F3DA56 /* Pods_ChatUI.framework */; };
/* End PBXBuildFile section */

/* Begin PBXFileReference section */
		0BB521B5739BC15186F3DA56 /* Pods_ChatUI.framework */ = {isa = PBXFileReference; explicitFileType = wrapper.framework; includeInIndex = 0; path = Pods_ChatUI.framework; sourceTree = BUILT_PRODUCTS_DIR; };
		359CB58421121958004E0EBB /* ChatUI.app */ = {isa = PBXFileReference; explicitFileType = wrapper.application; includeInIndex = 0; path = ChatUI.app; sourceTree = BUILT_PRODUCTS_DIR; };
		359CB58721121958004E0EBB /* AppDelegate.swift */ = {isa = PBXFileReference; lastKnownFileType = sourcecode.swift; path = AppDelegate.swift; sourceTree = "<group>"; };
		359CB58921121958004E0EBB /* ViewController.swift */ = {isa = PBXFileReference; lastKnownFileType = sourcecode.swift; path = ViewController.swift; sourceTree = "<group>"; };
		359CB58E21121959004E0EBB /* Assets.xcassets */ = {isa = PBXFileReference; lastKnownFileType = folder.assetcatalog; path = Assets.xcassets; sourceTree = "<group>"; };
		359CB59121121959004E0EBB /* Base */ = {isa = PBXFileReference; lastKnownFileType = file.storyboard; name = Base; path = Base.lproj/LaunchScreen.storyboard; sourceTree = "<group>"; };
		359CB59321121959004E0EBB /* Info.plist */ = {isa = PBXFileReference; lastKnownFileType = text.plist.xml; path = Info.plist; sourceTree = "<group>"; };
		359CB59A21121BAC004E0EBB /* ViewController+Protocol.swift */ = {isa = PBXFileReference; lastKnownFileType = sourcecode.swift; path = "ViewController+Protocol.swift"; sourceTree = "<group>"; };
		359CB59C21121D79004E0EBB /* ViewController+Layout.swift */ = {isa = PBXFileReference; lastKnownFileType = sourcecode.swift; path = "ViewController+Layout.swift"; sourceTree = "<group>"; };
		965DC2155E232A5CC48A0F2F /* Pods-ChatUI.debug.xcconfig */ = {isa = PBXFileReference; includeInIndex = 1; lastKnownFileType = text.xcconfig; name = "Pods-ChatUI.debug.xcconfig"; path = "Pods/Target Support Files/Pods-ChatUI/Pods-ChatUI.debug.xcconfig"; sourceTree = "<group>"; };
		E8E363187FC081A73B838C53 /* Pods-ChatUI.release.xcconfig */ = {isa = PBXFileReference; includeInIndex = 1; lastKnownFileType = text.xcconfig; name = "Pods-ChatUI.release.xcconfig"; path = "Pods/Target Support Files/Pods-ChatUI/Pods-ChatUI.release.xcconfig"; sourceTree = "<group>"; };
/* End PBXFileReference section */

/* Begin PBXFrameworksBuildPhase section */
		359CB58121121958004E0EBB /* Frameworks */ = {
			isa = PBXFrameworksBuildPhase;
			buildActionMask = 2147483647;
			files = (
				DC274320EE2A031B874126FD /* Pods_ChatUI.framework in Frameworks */,
			);
			runOnlyForDeploymentPostprocessing = 0;
		};
/* End PBXFrameworksBuildPhase section */

/* Begin PBXGroup section */
		359CB57B21121958004E0EBB = {
			isa = PBXGroup;
			children = (
				359CB58621121958004E0EBB /* ChatUI */,
				359CB58521121958004E0EBB /* Products */,
				57C48761BB89F578B4D8AEF5 /* Pods */,
				A39C41F376E87D3C4440A5F5 /* Frameworks */,
			);
			sourceTree = "<group>";
		};
		359CB58521121958004E0EBB /* Products */ = {
			isa = PBXGroup;
			children = (
				359CB58421121958004E0EBB /* ChatUI.app */,
			);
			name = Products;
			sourceTree = "<group>";
		};
		359CB58621121958004E0EBB /* ChatUI */ = {
			isa = PBXGroup;
			children = (
				359CB58721121958004E0EBB /* AppDelegate.swift */,
				359CB59921121B98004E0EBB /* ViewConstroller */,
				359CB58E21121959004E0EBB /* Assets.xcassets */,
				359CB59021121959004E0EBB /* LaunchScreen.storyboard */,
				359CB59321121959004E0EBB /* Info.plist */,
			);
			path = ChatUI;
			sourceTree = "<group>";
		};
		359CB59921121B98004E0EBB /* ViewConstroller */ = {
			isa = PBXGroup;
			children = (
				359CB58921121958004E0EBB /* ViewController.swift */,
				359CB59C21121D79004E0EBB /* ViewController+Layout.swift */,
				359CB59A21121BAC004E0EBB /* ViewController+Protocol.swift */,
			);
			path = ViewConstroller;
			sourceTree = "<group>";
		};
		57C48761BB89F578B4D8AEF5 /* Pods */ = {
			isa = PBXGroup;
			children = (
				965DC2155E232A5CC48A0F2F /* Pods-ChatUI.debug.xcconfig */,
				E8E363187FC081A73B838C53 /* Pods-ChatUI.release.xcconfig */,
			);
			name = Pods;
			sourceTree = "<group>";
		};
		A39C41F376E87D3C4440A5F5 /* Frameworks */ = {
			isa = PBXGroup;
			children = (
				0BB521B5739BC15186F3DA56 /* Pods_ChatUI.framework */,
			);
			name = Frameworks;
			sourceTree = "<group>";
		};
/* End PBXGroup section */

/* Begin PBXNativeTarget section */
		359CB58321121958004E0EBB /* ChatUI */ = {
			isa = PBXNativeTarget;
			buildConfigurationList = 359CB59621121959004E0EBB /* Build configuration list for PBXNativeTarget "ChatUI" */;
			buildPhases = (
				46A3062DF4A41CCF263CACA1 /* [CP] Check Pods Manifest.lock */,
				359CB58021121958004E0EBB /* Sources */,
				359CB58121121958004E0EBB /* Frameworks */,
				359CB58221121958004E0EBB /* Resources */,
				C1001107A59D4D8A68EFFA60 /* [CP] Embed Pods Frameworks */,
				23D7D6CBEAAABEB009064331 /* [CP] Copy Pods Resources */,
			);
			buildRules = (
			);
			dependencies = (
			);
			name = ChatUI;
			productName = ChatUI;
			productReference = 359CB58421121958004E0EBB /* ChatUI.app */;
			productType = "com.apple.product-type.application";
		};
/* End PBXNativeTarget section */

/* Begin PBXProject section */
		359CB57C21121958004E0EBB /* Project object */ = {
			isa = PBXProject;
			attributes = {
				LastSwiftUpdateCheck = 0930;
				LastUpgradeCheck = 0930;
				ORGANIZATIONNAME = "adel radwan";
				TargetAttributes = {
					359CB58321121958004E0EBB = {
						CreatedOnToolsVersion = 9.3;
					};
				};
			};
			buildConfigurationList = 359CB57F21121958004E0EBB /* Build configuration list for PBXProject "ChatUI" */;
			compatibilityVersion = "Xcode 9.3";
			developmentRegion = en;
			hasScannedForEncodings = 0;
			knownRegions = (
				en,
				Base,
			);
			mainGroup = 359CB57B21121958004E0EBB;
			productRefGroup = 359CB58521121958004E0EBB /* Products */;
			projectDirPath = "";
			projectRoot = "";
			targets = (
				359CB58321121958004E0EBB /* ChatUI */,
			);
		};
/* End PBXProject section */

/* Begin PBXResourcesBuildPhase section */
		359CB58221121958004E0EBB /* Resources */ = {
			isa = PBXResourcesBuildPhase;
			buildActionMask = 2147483647;
			files = (
				359CB59221121959004E0EBB /* LaunchScreen.storyboard in Resources */,
				359CB58F21121959004E0EBB /* Assets.xcassets in Resources */,
			);
			runOnlyForDeploymentPostprocessing = 0;
		};
/* End PBXResourcesBuildPhase section */

/* Begin PBXShellScriptBuildPhase section */
		23D7D6CBEAAABEB009064331 /* [CP] Copy Pods Resources */ = {
			isa = PBXShellScriptBuildPhase;
			buildActionMask = 2147483647;
			files = (
			);
			inputPaths = (
			);
			name = "[CP] Copy Pods Resources";
			outputPaths = (
			);
			runOnlyForDeploymentPostprocessing = 0;
			shellPath = /bin/sh;
			shellScript = "\"${SRCROOT}/Pods/Target Support Files/Pods-ChatUI/Pods-ChatUI-resources.sh\"\n";
			showEnvVarsInLog = 0;
		};
		46A3062DF4A41CCF263CACA1 /* [CP] Check Pods Manifest.lock */ = {
			isa = PBXShellScriptBuildPhase;
			buildActionMask = 2147483647;
			files = (
			);
			inputPaths = (
				"${PODS_PODFILE_DIR_PATH}/Podfile.lock",
				"${PODS_ROOT}/Manifest.lock",
			);
			name = "[CP] Check Pods Manifest.lock";
			outputPaths = (
				"$(DERIVED_FILE_DIR)/Pods-ChatUI-checkManifestLockResult.txt",
			);
			runOnlyForDeploymentPostprocessing = 0;
			shellPath = /bin/sh;
			shellScript = "diff \"${PODS_PODFILE_DIR_PATH}/Podfile.lock\" \"${PODS_ROOT}/Manifest.lock\" > /dev/null\nif [ $? != 0 ] ; then\n    # print error to STDERR\n    echo \"error: The sandbox is not in sync with the Podfile.lock. Run 'pod install' or update your CocoaPods installation.\" >&2\n    exit 1\nfi\n# This output is used by Xcode 'outputs' to avoid re-running this script phase.\necho \"SUCCESS\" > \"${SCRIPT_OUTPUT_FILE_0}\"\n";
			showEnvVarsInLog = 0;
		};
		C1001107A59D4D8A68EFFA60 /* [CP] Embed Pods Frameworks */ = {
			isa = PBXShellScriptBuildPhase;
			buildActionMask = 2147483647;
			files = (
			);
			inputPaths = (
				"${SRCROOT}/Pods/Target Support Files/Pods-ChatUI/Pods-ChatUI-frameworks.sh",
				"${BUILT_PRODUCTS_DIR}/SnapKit/SnapKit.framework",
			);
			name = "[CP] Embed Pods Frameworks";
			outputPaths = (
				"${TARGET_BUILD_DIR}/${FRAMEWORKS_FOLDER_PATH}/SnapKit.framework",
			);
			runOnlyForDeploymentPostprocessing = 0;
			shellPath = /bin/sh;
			shellScript = "\"${SRCROOT}/Pods/Target Support Files/Pods-ChatUI/Pods-ChatUI-frameworks.sh\"\n";
			showEnvVarsInLog = 0;
		};
/* End PBXShellScriptBuildPhase section */

/* Begin PBXSourcesBuildPhase section */
		359CB58021121958004E0EBB /* Sources */ = {
			isa = PBXSourcesBuildPhase;
			buildActionMask = 2147483647;
			files = (
				359CB59B21121BAC004E0EBB /* ViewController+Protocol.swift in Sources */,
				359CB58A21121958004E0EBB /* ViewController.swift in Sources */,
				359CB59D21121D79004E0EBB /* ViewController+Layout.swift in Sources */,
				359CB58821121958004E0EBB /* AppDelegate.swift in Sources */,
			);
			runOnlyForDeploymentPostprocessing = 0;
		};
/* End PBXSourcesBuildPhase section */

/* Begin PBXVariantGroup section */
		359CB59021121959004E0EBB /* LaunchScreen.storyboard */ = {
			isa = PBXVariantGroup;
			children = (
				359CB59121121959004E0EBB /* Base */,
			);
			name = LaunchScreen.storyboard;
			sourceTree = "<group>";
		};
/* End PBXVariantGroup section */

/* Begin XCBuildConfiguration section */
		359CB59421121959004E0EBB /* Debug */ = {
			isa = XCBuildConfiguration;
			buildSettings = {
				ALWAYS_SEARCH_USER_PATHS = NO;
				CLANG_ANALYZER_NONNULL = YES;
				CLANG_ANALYZER_NUMBER_OBJECT_CONVERSION = YES_AGGRESSIVE;
				CLANG_CXX_LANGUAGE_STANDARD = "gnu++14";
				CLANG_CXX_LIBRARY = "libc++";
				CLANG_ENABLE_MODULES = YES;
				CLANG_ENABLE_OBJC_ARC = YES;
				CLANG_ENABLE_OBJC_WEAK = YES;
				CLANG_WARN_BLOCK_CAPTURE_AUTORELEASING = YES;
				CLANG_WARN_BOOL_CONVERSION = YES;
				CLANG_WARN_COMMA = YES;
				CLANG_WARN_CONSTANT_CONVERSION = YES;
				CLANG_WARN_DEPRECATED_OBJC_IMPLEMENTATIONS = YES;
				CLANG_WARN_DIRECT_OBJC_ISA_USAGE = YES_ERROR;
				CLANG_WARN_DOCUMENTATION_COMMENTS = YES;
				CLANG_WARN_EMPTY_BODY = YES;
				CLANG_WARN_ENUM_CONVERSION = YES;
				CLANG_WARN_INFINITE_RECURSION = YES;
				CLANG_WARN_INT_CONVERSION = YES;
				CLANG_WARN_NON_LITERAL_NULL_CONVERSION = YES;
				CLANG_WARN_OBJC_IMPLICIT_RETAIN_SELF = YES;
				CLANG_WARN_OBJC_LITERAL_CONVERSION = YES;
				CLANG_WARN_OBJC_ROOT_CLASS = YES_ERROR;
				CLANG_WARN_RANGE_LOOP_ANALYSIS = YES;
				CLANG_WARN_STRICT_PROTOTYPES = YES;
				CLANG_WARN_SUSPICIOUS_MOVE = YES;
				CLANG_WARN_UNGUARDED_AVAILABILITY = YES_AGGRESSIVE;
				CLANG_WARN_UNREACHABLE_CODE = YES;
				CLANG_WARN__DUPLICATE_METHOD_MATCH = YES;
				CODE_SIGN_IDENTITY = "iPhone Developer";
				COPY_PHASE_STRIP = NO;
				DEBUG_INFORMATION_FORMAT = dwarf;
				ENABLE_STRICT_OBJC_MSGSEND = YES;
				ENABLE_TESTABILITY = YES;
				GCC_C_LANGUAGE_STANDARD = gnu11;
				GCC_DYNAMIC_NO_PIC = NO;
				GCC_NO_COMMON_BLOCKS = YES;
				GCC_OPTIMIZATION_LEVEL = 0;
				GCC_PREPROCESSOR_DEFINITIONS = (
					"DEBUG=1",
					"$(inherited)",
				);
				GCC_WARN_64_TO_32_BIT_CONVERSION = YES;
				GCC_WARN_ABOUT_RETURN_TYPE = YES_ERROR;
				GCC_WARN_UNDECLARED_SELECTOR = YES;
				GCC_WARN_UNINITIALIZED_AUTOS = YES_AGGRESSIVE;
				GCC_WARN_UNUSED_FUNCTION = YES;
				GCC_WARN_UNUSED_VARIABLE = YES;
				IPHONEOS_DEPLOYMENT_TARGET = 11.3;
				MTL_ENABLE_DEBUG_INFO = YES;
				ONLY_ACTIVE_ARCH = YES;
				SDKROOT = iphoneos;
				SWIFT_ACTIVE_COMPILATION_CONDITIONS = DEBUG;
				SWIFT_OPTIMIZATION_LEVEL = "-Onone";
			};
			name = Debug;
		};
		359CB59521121959004E0EBB /* Release */ = {
			isa = XCBuildConfiguration;
			buildSettings = {
				ALWAYS_SEARCH_USER_PATHS = NO;
				CLANG_ANALYZER_NONNULL = YES;
				CLANG_ANALYZER_NUMBER_OBJECT_CONVERSION = YES_AGGRESSIVE;
				CLANG_CXX_LANGUAGE_STANDARD = "gnu++14";
				CLANG_CXX_LIBRARY = "libc++";
				CLANG_ENABLE_MODULES = YES;
				CLANG_ENABLE_OBJC_ARC = YES;
				CLANG_ENABLE_OBJC_WEAK = YES;
				CLANG_WARN_BLOCK_CAPTURE_AUTORELEASING = YES;
				CLANG_WARN_BOOL_CONVERSION = YES;
				CLANG_WARN_COMMA = YES;
				CLANG_WARN_CONSTANT_CONVERSION = YES;
				CLANG_WARN_DEPRECATED_OBJC_IMPLEMENTATIONS = YES;
				CLANG_WARN_DIRECT_OBJC_ISA_USAGE = YES_ERROR;
				CLANG_WARN_DOCUMENTATION_COMMENTS = YES;
				CLANG_WARN_EMPTY_BODY = YES;
				CLANG_WARN_ENUM_CONVERSION = YES;
				CLANG_WARN_INFINITE_RECURSION = YES;
				CLANG_WARN_INT_CONVERSION = YES;
				CLANG_WARN_NON_LITERAL_NULL_CONVERSION = YES;
				CLANG_WARN_OBJC_IMPLICIT_RETAIN_SELF = YES;
				CLANG_WARN_OBJC_LITERAL_CONVERSION = YES;
				CLANG_WARN_OBJC_ROOT_CLASS = YES_ERROR;
				CLANG_WARN_RANGE_LOOP_ANALYSIS = YES;
				CLANG_WARN_STRICT_PROTOTYPES = YES;
				CLANG_WARN_SUSPICIOUS_MOVE = YES;
				CLANG_WARN_UNGUARDED_AVAILABILITY = YES_AGGRESSIVE;
				CLANG_WARN_UNREACHABLE_CODE = YES;
				CLANG_WARN__DUPLICATE_METHOD_MATCH = YES;
				CODE_SIGN_IDENTITY = "iPhone Developer";
				COPY_PHASE_STRIP = NO;
				DEBUG_INFORMATION_FORMAT = "dwarf-with-dsym";
				ENABLE_NS_ASSERTIONS = NO;
				ENABLE_STRICT_OBJC_MSGSEND = YES;
				GCC_C_LANGUAGE_STANDARD = gnu11;
				GCC_NO_COMMON_BLOCKS = YES;
				GCC_WARN_64_TO_32_BIT_CONVERSION = YES;
				GCC_WARN_ABOUT_RETURN_TYPE = YES_ERROR;
				GCC_WARN_UNDECLARED_SELECTOR = YES;
				GCC_WARN_UNINITIALIZED_AUTOS = YES_AGGRESSIVE;
				GCC_WARN_UNUSED_FUNCTION = YES;
				GCC_WARN_UNUSED_VARIABLE = YES;
				IPHONEOS_DEPLOYMENT_TARGET = 11.3;
				MTL_ENABLE_DEBUG_INFO = NO;
				SDKROOT = iphoneos;
				SWIFT_COMPILATION_MODE = wholemodule;
				SWIFT_OPTIMIZATION_LEVEL = "-O";
				VALIDATE_PRODUCT = YES;
			};
			name = Release;
		};
		359CB59721121959004E0EBB /* Debug */ = {
			isa = XCBuildConfiguration;
			baseConfigurationReference = 965DC2155E232A5CC48A0F2F /* Pods-ChatUI.debug.xcconfig */;
			buildSettings = {
				ASSETCATALOG_COMPILER_APPICON_NAME = AppIcon;
				CODE_SIGN_STYLE = Automatic;
				DEVELOPMENT_TEAM = BPK7UAAQ87;
				INFOPLIST_FILE = ChatUI/Info.plist;
				LD_RUNPATH_SEARCH_PATHS = (
					"$(inherited)",
					"@executable_path/Frameworks",
				);
				PRODUCT_BUNDLE_IDENTIFIER = adelbios.ChatUI;
				PRODUCT_NAME = "$(TARGET_NAME)";
				SWIFT_VERSION = 4.0;
				TARGETED_DEVICE_FAMILY = "1,2";
			};
			name = Debug;
		};
		359CB59821121959004E0EBB /* Release */ = {
			isa = XCBuildConfiguration;
			baseConfigurationReference = E8E363187FC081A73B838C53 /* Pods-ChatUI.release.xcconfig */;
			buildSettings = {
				ASSETCATALOG_COMPILER_APPICON_NAME = AppIcon;
				CODE_SIGN_STYLE = Automatic;
				DEVELOPMENT_TEAM = BPK7UAAQ87;
				INFOPLIST_FILE = ChatUI/Info.plist;
				LD_RUNPATH_SEARCH_PATHS = (
					"$(inherited)",
					"@executable_path/Frameworks",
				);
				PRODUCT_BUNDLE_IDENTIFIER = adelbios.ChatUI;
				PRODUCT_NAME = "$(TARGET_NAME)";
				SWIFT_VERSION = 4.0;
				TARGETED_DEVICE_FAMILY = "1,2";
			};
			name = Release;
		};
/* End XCBuildConfiguration section */

/* Begin XCConfigurationList section */
		359CB57F21121958004E0EBB /* Build configuration list for PBXProject "ChatUI" */ = {
			isa = XCConfigurationList;
			buildConfigurations = (
				359CB59421121959004E0EBB /* Debug */,
				359CB59521121959004E0EBB /* Release */,
			);
			defaultConfigurationIsVisible = 0;
			defaultConfigurationName = Release;
		};
		359CB59621121959004E0EBB /* Build configuration list for PBXNativeTarget "ChatUI" */ = {
			isa = XCConfigurationList;
			buildConfigurations = (
				359CB59721121959004E0EBB /* Debug */,
				359CB59821121959004E0EBB /* Release */,
			);
			defaultConfigurationIsVisible = 0;
			defaultConfigurationName = Release;
		};
/* End XCConfigurationList section */
	};
	rootObject = 359CB57C21121958004E0EBB /* Project object */;
}
